
Microsoft Visual Studio Solution File, Format Version 12.00
# Visual Studio Version 17
VisualStudioVersion = 17.12.35527.113 d17.12
MinimumVisualStudioVersion = 10.0.40219.1
Project("{FAE04EC0-301F-11D3-BF4B-00C04F79EFBC}") = "CDRPlatformApi", "CDRPlatformApi\CDRPlatformApi.csproj", "{A71E6892-E1CD-4054-AC07-435D32DBACFD}"
EndProject
Project("{FAE04EC0-301F-11D3-BF4B-00C04F79EFBC}") = "CDRPlatform.Domain", "CDRPlatform.Domain\CDRPlatform.Domain.csproj", "{A87EE28C-7662-41A4-B1FC-6CDBFF30DAED}"
EndProject
Project("{FAE04EC0-301F-11D3-BF4B-00C04F79EFBC}") = "CDRPlatform.AppServices", "CDRPlatform.AppServices\CDRPlatform.AppServices.csproj", "{5304D915-8AF5-4C90-8ADD-4703A3B7FBD7}"
EndProject
Global
	GlobalSection(SolutionConfigurationPlatforms) = preSolution
		Debug|Any CPU = Debug|Any CPU
		Release|Any CPU = Release|Any CPU
	EndGlobalSection
	GlobalSection(ProjectConfigurationPlatforms) = postSolution
		{A71E6892-E1CD-4054-AC07-435D32DBACFD}.Debug|Any CPU.ActiveCfg = Debug|Any CPU
		{A71E6892-E1CD-4054-AC07-435D32DBACFD}.Debug|Any CPU.Build.0 = Debug|Any CPU
		{A71E6892-E1CD-4054-AC07-435D32DBACFD}.Release|Any CPU.ActiveCfg = Release|Any CPU
		{A71E6892-E1CD-4054-AC07-435D32DBACFD}.Release|Any CPU.Build.0 = Release|Any CPU
		{A87EE28C-7662-41A4-B1FC-6CDBFF30DAED}.Debug|Any CPU.ActiveCfg = Debug|Any CPU
		{A87EE28C-7662-41A4-B1FC-6CDBFF30DAED}.Debug|Any CPU.Build.0 = Debug|Any CPU
		{A87EE28C-7662-41A4-B1FC-6CDBFF30DAED}.Release|Any CPU.ActiveCfg = Release|Any CPU
		{A87EE28C-7662-41A4-B1FC-6CDBFF30DAED}.Release|Any CPU.Build.0 = Release|Any CPU
		{5304D915-8AF5-4C90-8ADD-4703A3B7FBD7}.Debug|Any CPU.ActiveCfg = Debug|Any CPU
		{5304D915-8AF5-4C90-8ADD-4703A3B7FBD7}.Debug|Any CPU.Build.0 = Debug|Any CPU
		{5304D915-8AF5-4C90-8ADD-4703A3B7FBD7}.Release|Any CPU.ActiveCfg = Release|Any CPU
		{5304D915-8AF5-4C90-8ADD-4703A3B7FBD7}.Release|Any CPU.Build.0 = Release|Any CPU
	EndGlobalSection
	GlobalSection(SolutionProperties) = preSolution
		HideSolutionNode = FALSE
	EndGlobalSection
EndGlobal
